
Microsoft Visual Studio Solution File, Format Version 12.00
# Visual Studio Version 17
VisualStudioVersion = 17.4.33205.214
MinimumVisualStudioVersion = 10.0.40219.1
Project("{9A19103F-16F7-4668-BE54-9A1E7A4F7556}") = "gwc", "gwc.csproj", "{BBB05DD7-FB50-4E85-BEED-98FB95E45CAF}"
EndProject
Project("{FAE04EC0-301F-11D3-BF4B-00C04F79EFBC}") = "gwcTests", "gwcTests\gwcTests.csproj", "{0F868D42-25DC-4D80-88C0-334EAE425270}"
EndProject
Global
	GlobalSection(SolutionConfigurationPlatforms) = preSolution
		Debug|Any CPU = Debug|Any CPU
		Release|Any CPU = Release|Any CPU
	EndGlobalSection
	GlobalSection(ProjectConfigurationPlatforms) = postSolution
		{BBB05DD7-FB50-4E85-BEED-98FB95E45CAF}.Debug|Any CPU.ActiveCfg = Debug|Any CPU
		{BBB05DD7-FB50-4E85-BEED-98FB95E45CAF}.Debug|Any CPU.Build.0 = Debug|Any CPU
		{BBB05DD7-FB50-4E85-BEED-98FB95E45CAF}.Release|Any CPU.ActiveCfg = Release|Any CPU
		{BBB05DD7-FB50-4E85-BEED-98FB95E45CAF}.Release|Any CPU.Build.0 = Release|Any CPU
		{0F868D42-25DC-4D80-88C0-334EAE425270}.Debug|Any CPU.ActiveCfg = Debug|Any CPU
		{0F868D42-25DC-4D80-88C0-334EAE425270}.Debug|Any CPU.Build.0 = Debug|Any CPU
		{0F868D42-25DC-4D80-88C0-334EAE425270}.Release|Any CPU.ActiveCfg = Release|Any CPU
		{0F868D42-25DC-4D80-88C0-334EAE425270}.Release|Any CPU.Build.0 = Release|Any CPU
	EndGlobalSection
	GlobalSection(SolutionProperties) = preSolution
		HideSolutionNode = FALSE
	EndGlobalSection
	GlobalSection(ExtensibilityGlobals) = postSolution
		SolutionGuid = {8B18EAD4-00A0-4E91-A3DB-EB3114A7AEC8}
	EndGlobalSection
EndGlobal
